
Microsoft Visual Studio Solution File, Format Version 12.00
# Visual Studio 15
VisualStudioVersion = 15.0.27703.2035
MinimumVisualStudioVersion = 10.0.40219.1
Project("{9A19103F-16F7-4668-BE54-9A1E7A4F7556}") = "IlanServis", "IlanServis\IlanServis.csproj", "{266653B9-B69C-4CA6-840D-6F93AEE707DB}"
EndProject
Project("{FAE04EC0-301F-11D3-BF4B-00C04F79EFBC}") = "IlanWeb", "IlanWeb\IlanWeb.csproj", "{069A5B6B-D47B-43CA-84AD-287E737A403F}"
EndProject
Global
	GlobalSection(SolutionConfigurationPlatforms) = preSolution
		Debug|Any CPU = Debug|Any CPU
		Release|Any CPU = Release|Any CPU
	EndGlobalSection
	GlobalSection(ProjectConfigurationPlatforms) = postSolution
		{266653B9-B69C-4CA6-840D-6F93AEE707DB}.Debug|Any CPU.ActiveCfg = Debug|Any CPU
		{266653B9-B69C-4CA6-840D-6F93AEE707DB}.Debug|Any CPU.Build.0 = Debug|Any CPU
		{266653B9-B69C-4CA6-840D-6F93AEE707DB}.Release|Any CPU.ActiveCfg = Release|Any CPU
		{266653B9-B69C-4CA6-840D-6F93AEE707DB}.Release|Any CPU.Build.0 = Release|Any CPU
		{069A5B6B-D47B-43CA-84AD-287E737A403F}.Debug|Any CPU.ActiveCfg = Debug|Any CPU
		{069A5B6B-D47B-43CA-84AD-287E737A403F}.Debug|Any CPU.Build.0 = Debug|Any CPU
		{069A5B6B-D47B-43CA-84AD-287E737A403F}.Release|Any CPU.ActiveCfg = Release|Any CPU
		{069A5B6B-D47B-43CA-84AD-287E737A403F}.Release|Any CPU.Build.0 = Release|Any CPU
	EndGlobalSection
	GlobalSection(SolutionProperties) = preSolution
		HideSolutionNode = FALSE
	EndGlobalSection
	GlobalSection(ExtensibilityGlobals) = postSolution
		SolutionGuid = {D020D956-DCF3-42FA-B5B0-61ACFEA65120}
	EndGlobalSection
EndGlobal
